
Microsoft Visual Studio Solution File, Format Version 12.00
# Visual Studio Version 16
VisualStudioVersion = 16.0.32901.82
MinimumVisualStudioVersion = 10.0.40219.1
Project("{9A19103F-16F7-4668-BE54-9A1E7A4F7556}") = "todo-app-tests", "todo-app-tests\todo-app-tests.csproj", "{B3A465C5-BE8E-4731-8B90-7B8DE73E78C3}"
EndProject
Project("{9A19103F-16F7-4668-BE54-9A1E7A4F7556}") = "todo-apllication", "todo-apllication\todo-apllication.csproj", "{DC5B4E8E-E034-4293-AB20-E302EC4E1026}"
EndProject
Project("{FAE04EC0-301F-11D3-BF4B-00C04F79EFBC}") = "todo-domain-entities", "todo-domain-entities\todo-domain-entities.csproj", "{A6903A0D-DC31-4324-A370-1819AF17AEA6}"
EndProject
Global
	GlobalSection(SolutionConfigurationPlatforms) = preSolution
		Debug|Any CPU = Debug|Any CPU
		Release|Any CPU = Release|Any CPU
	EndGlobalSection
	GlobalSection(ProjectConfigurationPlatforms) = postSolution
		{B3A465C5-BE8E-4731-8B90-7B8DE73E78C3}.Debug|Any CPU.ActiveCfg = Debug|Any CPU
		{B3A465C5-BE8E-4731-8B90-7B8DE73E78C3}.Debug|Any CPU.Build.0 = Debug|Any CPU
		{B3A465C5-BE8E-4731-8B90-7B8DE73E78C3}.Release|Any CPU.ActiveCfg = Release|Any CPU
		{B3A465C5-BE8E-4731-8B90-7B8DE73E78C3}.Release|Any CPU.Build.0 = Release|Any CPU
		{DC5B4E8E-E034-4293-AB20-E302EC4E1026}.Debug|Any CPU.ActiveCfg = Debug|Any CPU
		{DC5B4E8E-E034-4293-AB20-E302EC4E1026}.Debug|Any CPU.Build.0 = Debug|Any CPU
		{DC5B4E8E-E034-4293-AB20-E302EC4E1026}.Release|Any CPU.ActiveCfg = Release|Any CPU
		{DC5B4E8E-E034-4293-AB20-E302EC4E1026}.Release|Any CPU.Build.0 = Release|Any CPU
		{A6903A0D-DC31-4324-A370-1819AF17AEA6}.Debug|Any CPU.ActiveCfg = Debug|Any CPU
		{A6903A0D-DC31-4324-A370-1819AF17AEA6}.Debug|Any CPU.Build.0 = Debug|Any CPU
		{A6903A0D-DC31-4324-A370-1819AF17AEA6}.Release|Any CPU.ActiveCfg = Release|Any CPU
		{A6903A0D-DC31-4324-A370-1819AF17AEA6}.Release|Any CPU.Build.0 = Release|Any CPU
	EndGlobalSection
	GlobalSection(SolutionProperties) = preSolution
		HideSolutionNode = FALSE
	EndGlobalSection
	GlobalSection(ExtensibilityGlobals) = postSolution
		SolutionGuid = {FD2B996E-34AC-473E-B052-1DC5C02BE0FC}
	EndGlobalSection
EndGlobal
